
Microsoft Visual Studio Solution File, Format Version 12.00
# Visual Studio Version 16
VisualStudioVersion = 16.0.29911.84
MinimumVisualStudioVersion = 10.0.40219.1
Project("{FAE04EC0-301F-11D3-BF4B-00C04F79EFBC}") = "PHANTOM BLOOD FST TRANSACTION", "PHANTOM BLOOD FST TRANSACTION\PHANTOM BLOOD FST TRANSACTION.csproj", "{9B9398B5-F018-4E2D-B651-24BA8231890B}"
EndProject
Project("{FAE04EC0-301F-11D3-BF4B-00C04F79EFBC}") = "NON-REPEATABLE READS FST TRANSACTION", "NON-REPEATABLE READS FST TRANSACTION\NON-REPEATABLE READS FST TRANSACTION.csproj", "{E584E5DC-BA51-4850-BCA9-40BAA63DF901}"
EndProject
Project("{FAE04EC0-301F-11D3-BF4B-00C04F79EFBC}") = "NON-REPEATABLE READS SND TRANSACTION", "NON-REPEATABLE READS SND TRANSACTION\NON-REPEATABLE READS SND TRANSACTION.csproj", "{3E7B279D-CE39-4C87-94B1-FF3AA1F669A9}"
EndProject
Project("{FAE04EC0-301F-11D3-BF4B-00C04F79EFBC}") = "PHANTOM BLOOD SND TRANSACTION", "PHANTOM BLOOD SND TRANSACTION\PHANTOM BLOOD SND TRANSACTION.csproj", "{DD940EA9-F4DB-4869-8551-4A1EC2743DDA}"
EndProject
Project("{FAE04EC0-301F-11D3-BF4B-00C04F79EFBC}") = "SERIALIZATION ANIMALY FST TRANSACTION", "SERIALIZATION ANIMALY FST TRANSACTION\SERIALIZATION ANIMALY FST TRANSACTION.csproj", "{6355E57E-EE6F-44E2-A37A-07A12B267584}"
EndProject
Project("{FAE04EC0-301F-11D3-BF4B-00C04F79EFBC}") = "SERIALIZATION ANOMALY SND TRANSACTION", "SERIALIZATION ANOMALY SND TRANSACTION\SERIALIZATION ANOMALY SND TRANSACTION.csproj", "{044ED685-4311-4970-B287-63F6C8F6039D}"
EndProject
Project("{FAE04EC0-301F-11D3-BF4B-00C04F79EFBC}") = "SAVEPOINT", "SAVEPOINT\SAVEPOINT.csproj", "{499A2CA0-12EB-4A0F-83AF-6A735BE5DA16}"
EndProject
Global
	GlobalSection(SolutionConfigurationPlatforms) = preSolution
		Debug|Any CPU = Debug|Any CPU
		Release|Any CPU = Release|Any CPU
	EndGlobalSection
	GlobalSection(ProjectConfigurationPlatforms) = postSolution
		{9B9398B5-F018-4E2D-B651-24BA8231890B}.Debug|Any CPU.ActiveCfg = Debug|Any CPU
		{9B9398B5-F018-4E2D-B651-24BA8231890B}.Debug|Any CPU.Build.0 = Debug|Any CPU
		{9B9398B5-F018-4E2D-B651-24BA8231890B}.Release|Any CPU.ActiveCfg = Release|Any CPU
		{9B9398B5-F018-4E2D-B651-24BA8231890B}.Release|Any CPU.Build.0 = Release|Any CPU
		{E584E5DC-BA51-4850-BCA9-40BAA63DF901}.Debug|Any CPU.ActiveCfg = Debug|Any CPU
		{E584E5DC-BA51-4850-BCA9-40BAA63DF901}.Debug|Any CPU.Build.0 = Debug|Any CPU
		{E584E5DC-BA51-4850-BCA9-40BAA63DF901}.Release|Any CPU.ActiveCfg = Release|Any CPU
		{E584E5DC-BA51-4850-BCA9-40BAA63DF901}.Release|Any CPU.Build.0 = Release|Any CPU
		{3E7B279D-CE39-4C87-94B1-FF3AA1F669A9}.Debug|Any CPU.ActiveCfg = Debug|Any CPU
		{3E7B279D-CE39-4C87-94B1-FF3AA1F669A9}.Debug|Any CPU.Build.0 = Debug|Any CPU
		{3E7B279D-CE39-4C87-94B1-FF3AA1F669A9}.Release|Any CPU.ActiveCfg = Release|Any CPU
		{3E7B279D-CE39-4C87-94B1-FF3AA1F669A9}.Release|Any CPU.Build.0 = Release|Any CPU
		{DD940EA9-F4DB-4869-8551-4A1EC2743DDA}.Debug|Any CPU.ActiveCfg = Debug|Any CPU
		{DD940EA9-F4DB-4869-8551-4A1EC2743DDA}.Debug|Any CPU.Build.0 = Debug|Any CPU
		{DD940EA9-F4DB-4869-8551-4A1EC2743DDA}.Release|Any CPU.ActiveCfg = Release|Any CPU
		{DD940EA9-F4DB-4869-8551-4A1EC2743DDA}.Release|Any CPU.Build.0 = Release|Any CPU
		{6355E57E-EE6F-44E2-A37A-07A12B267584}.Debug|Any CPU.ActiveCfg = Debug|Any CPU
		{6355E57E-EE6F-44E2-A37A-07A12B267584}.Debug|Any CPU.Build.0 = Debug|Any CPU
		{6355E57E-EE6F-44E2-A37A-07A12B267584}.Release|Any CPU.ActiveCfg = Release|Any CPU
		{6355E57E-EE6F-44E2-A37A-07A12B267584}.Release|Any CPU.Build.0 = Release|Any CPU
		{044ED685-4311-4970-B287-63F6C8F6039D}.Debug|Any CPU.ActiveCfg = Debug|Any CPU
		{044ED685-4311-4970-B287-63F6C8F6039D}.Debug|Any CPU.Build.0 = Debug|Any CPU
		{044ED685-4311-4970-B287-63F6C8F6039D}.Release|Any CPU.ActiveCfg = Release|Any CPU
		{044ED685-4311-4970-B287-63F6C8F6039D}.Release|Any CPU.Build.0 = Release|Any CPU
		{499A2CA0-12EB-4A0F-83AF-6A735BE5DA16}.Debug|Any CPU.ActiveCfg = Debug|Any CPU
		{499A2CA0-12EB-4A0F-83AF-6A735BE5DA16}.Debug|Any CPU.Build.0 = Debug|Any CPU
		{499A2CA0-12EB-4A0F-83AF-6A735BE5DA16}.Release|Any CPU.ActiveCfg = Release|Any CPU
		{499A2CA0-12EB-4A0F-83AF-6A735BE5DA16}.Release|Any CPU.Build.0 = Release|Any CPU
	EndGlobalSection
	GlobalSection(SolutionProperties) = preSolution
		HideSolutionNode = FALSE
	EndGlobalSection
	GlobalSection(ExtensibilityGlobals) = postSolution
		SolutionGuid = {A6CFDA16-7B1A-4092-A8A8-D83AB33BFFB3}
	EndGlobalSection
EndGlobal
